
Microsoft Visual Studio Solution File, Format Version 12.00
# Visual Studio Version 17
VisualStudioVersion = 17.0.31903.59
MinimumVisualStudioVersion = 10.0.40219.1
Project("{FAE04EC0-301F-11D3-BF4B-00C04F79EFBC}") = "SampleCqrsDapperApi.WebApi", "SampleCqrsDapperApi.WebApi\SampleCqrsDapperApi.WebApi.csproj", "{50315F92-AA0B-49A9-9B3F-39B95CA3393B}"
EndProject
Project("{FAE04EC0-301F-11D3-BF4B-00C04F79EFBC}") = "SampleCqrsDapperApi.Domain", "SampleCqrsDapperApi.Domain\SampleCqrsDapperApi.Domain.csproj", "{202785DB-A3C7-4627-B27D-02D0C3278270}"
EndProject
Project("{FAE04EC0-301F-11D3-BF4B-00C04F79EFBC}") = "SampleCqrsDapperApi.Application", "SampleCqrsDapperApi.Application\SampleCqrsDapperApi.Application.csproj", "{AADBD02B-D8D9-418C-9C01-E3DB90E74036}"
EndProject
Project("{FAE04EC0-301F-11D3-BF4B-00C04F79EFBC}") = "SampleCqrsDapperApi.Infrastructure", "SampleCqrsDapperApi.Infrastructure\SampleCqrsDapperApi.Infrastructure.csproj", "{DE684E06-9980-46A5-93B6-18BBD752499F}"
EndProject
Global
	GlobalSection(SolutionConfigurationPlatforms) = preSolution
		Debug|Any CPU = Debug|Any CPU
		Debug|x64 = Debug|x64
		Debug|x86 = Debug|x86
		Release|Any CPU = Release|Any CPU
		Release|x64 = Release|x64
		Release|x86 = Release|x86
	EndGlobalSection
	GlobalSection(ProjectConfigurationPlatforms) = postSolution
		{50315F92-AA0B-49A9-9B3F-39B95CA3393B}.Debug|Any CPU.ActiveCfg = Debug|Any CPU
		{50315F92-AA0B-49A9-9B3F-39B95CA3393B}.Debug|Any CPU.Build.0 = Debug|Any CPU
		{50315F92-AA0B-49A9-9B3F-39B95CA3393B}.Debug|x64.ActiveCfg = Debug|Any CPU
		{50315F92-AA0B-49A9-9B3F-39B95CA3393B}.Debug|x64.Build.0 = Debug|Any CPU
		{50315F92-AA0B-49A9-9B3F-39B95CA3393B}.Debug|x86.ActiveCfg = Debug|Any CPU
		{50315F92-AA0B-49A9-9B3F-39B95CA3393B}.Debug|x86.Build.0 = Debug|Any CPU
		{50315F92-AA0B-49A9-9B3F-39B95CA3393B}.Release|Any CPU.ActiveCfg = Release|Any CPU
		{50315F92-AA0B-49A9-9B3F-39B95CA3393B}.Release|Any CPU.Build.0 = Release|Any CPU
		{50315F92-AA0B-49A9-9B3F-39B95CA3393B}.Release|x64.ActiveCfg = Release|Any CPU
		{50315F92-AA0B-49A9-9B3F-39B95CA3393B}.Release|x64.Build.0 = Release|Any CPU
		{50315F92-AA0B-49A9-9B3F-39B95CA3393B}.Release|x86.ActiveCfg = Release|Any CPU
		{50315F92-AA0B-49A9-9B3F-39B95CA3393B}.Release|x86.Build.0 = Release|Any CPU
		{202785DB-A3C7-4627-B27D-02D0C3278270}.Debug|Any CPU.ActiveCfg = Debug|Any CPU
		{202785DB-A3C7-4627-B27D-02D0C3278270}.Debug|Any CPU.Build.0 = Debug|Any CPU
		{202785DB-A3C7-4627-B27D-02D0C3278270}.Debug|x64.ActiveCfg = Debug|Any CPU
		{202785DB-A3C7-4627-B27D-02D0C3278270}.Debug|x64.Build.0 = Debug|Any CPU
		{202785DB-A3C7-4627-B27D-02D0C3278270}.Debug|x86.ActiveCfg = Debug|Any CPU
		{202785DB-A3C7-4627-B27D-02D0C3278270}.Debug|x86.Build.0 = Debug|Any CPU
		{202785DB-A3C7-4627-B27D-02D0C3278270}.Release|Any CPU.ActiveCfg = Release|Any CPU
		{202785DB-A3C7-4627-B27D-02D0C3278270}.Release|Any CPU.Build.0 = Release|Any CPU
		{202785DB-A3C7-4627-B27D-02D0C3278270}.Release|x64.ActiveCfg = Release|Any CPU
		{202785DB-A3C7-4627-B27D-02D0C3278270}.Release|x64.Build.0 = Release|Any CPU
		{202785DB-A3C7-4627-B27D-02D0C3278270}.Release|x86.ActiveCfg = Release|Any CPU
		{202785DB-A3C7-4627-B27D-02D0C3278270}.Release|x86.Build.0 = Release|Any CPU
		{AADBD02B-D8D9-418C-9C01-E3DB90E74036}.Debug|Any CPU.ActiveCfg = Debug|Any CPU
		{AADBD02B-D8D9-418C-9C01-E3DB90E74036}.Debug|Any CPU.Build.0 = Debug|Any CPU
		{AADBD02B-D8D9-418C-9C01-E3DB90E74036}.Debug|x64.ActiveCfg = Debug|Any CPU
		{AADBD02B-D8D9-418C-9C01-E3DB90E74036}.Debug|x64.Build.0 = Debug|Any CPU
		{AADBD02B-D8D9-418C-9C01-E3DB90E74036}.Debug|x86.ActiveCfg = Debug|Any CPU
		{AADBD02B-D8D9-418C-9C01-E3DB90E74036}.Debug|x86.Build.0 = Debug|Any CPU
		{AADBD02B-D8D9-418C-9C01-E3DB90E74036}.Release|Any CPU.ActiveCfg = Release|Any CPU
		{AADBD02B-D8D9-418C-9C01-E3DB90E74036}.Release|Any CPU.Build.0 = Release|Any CPU
		{AADBD02B-D8D9-418C-9C01-E3DB90E74036}.Release|x64.ActiveCfg = Release|Any CPU
		{AADBD02B-D8D9-418C-9C01-E3DB90E74036}.Release|x64.Build.0 = Release|Any CPU
		{AADBD02B-D8D9-418C-9C01-E3DB90E74036}.Release|x86.ActiveCfg = Release|Any CPU
		{AADBD02B-D8D9-418C-9C01-E3DB90E74036}.Release|x86.Build.0 = Release|Any CPU
		{DE684E06-9980-46A5-93B6-18BBD752499F}.Debug|Any CPU.ActiveCfg = Debug|Any CPU
		{DE684E06-9980-46A5-93B6-18BBD752499F}.Debug|Any CPU.Build.0 = Debug|Any CPU
		{DE684E06-9980-46A5-93B6-18BBD752499F}.Debug|x64.ActiveCfg = Debug|Any CPU
		{DE684E06-9980-46A5-93B6-18BBD752499F}.Debug|x64.Build.0 = Debug|Any CPU
		{DE684E06-9980-46A5-93B6-18BBD752499F}.Debug|x86.ActiveCfg = Debug|Any CPU
		{DE684E06-9980-46A5-93B6-18BBD752499F}.Debug|x86.Build.0 = Debug|Any CPU
		{DE684E06-9980-46A5-93B6-18BBD752499F}.Release|Any CPU.ActiveCfg = Release|Any CPU
		{DE684E06-9980-46A5-93B6-18BBD752499F}.Release|Any CPU.Build.0 = Release|Any CPU
		{DE684E06-9980-46A5-93B6-18BBD752499F}.Release|x64.ActiveCfg = Release|Any CPU
		{DE684E06-9980-46A5-93B6-18BBD752499F}.Release|x64.Build.0 = Release|Any CPU
		{DE684E06-9980-46A5-93B6-18BBD752499F}.Release|x86.ActiveCfg = Release|Any CPU
		{DE684E06-9980-46A5-93B6-18BBD752499F}.Release|x86.Build.0 = Release|Any CPU
	EndGlobalSection
	GlobalSection(SolutionProperties) = preSolution
		HideSolutionNode = FALSE
	EndGlobalSection
EndGlobal
